
Microsoft Visual Studio Solution File, Format Version 12.00
# Visual Studio Version 16
VisualStudioVersion = 16.0.30907.101
MinimumVisualStudioVersion = 10.0.40219.1
Project("{FAE04EC0-301F-11D3-BF4B-00C04F79EFBC}") = "HealthBarOpdracht", "HealthBarOpdracht.csproj", "{BC5770A3-1376-4844-A64B-2105CF7DC86F}"
EndProject
Global
	GlobalSection(SolutionConfigurationPlatforms) = preSolution
		Debug|Any CPU = Debug|Any CPU
		Release|Any CPU = Release|Any CPU
	EndGlobalSection
	GlobalSection(ProjectConfigurationPlatforms) = postSolution
		{BC5770A3-1376-4844-A64B-2105CF7DC86F}.Debug|Any CPU.ActiveCfg = Debug|Any CPU
		{BC5770A3-1376-4844-A64B-2105CF7DC86F}.Debug|Any CPU.Build.0 = Debug|Any CPU
		{BC5770A3-1376-4844-A64B-2105CF7DC86F}.Release|Any CPU.ActiveCfg = Release|Any CPU
		{BC5770A3-1376-4844-A64B-2105CF7DC86F}.Release|Any CPU.Build.0 = Release|Any CPU
	EndGlobalSection
	GlobalSection(SolutionProperties) = preSolution
		HideSolutionNode = FALSE
	EndGlobalSection
	GlobalSection(ExtensibilityGlobals) = postSolution
		SolutionGuid = {39C58BF1-924D-4940-AB10-210FDBE5AB58}
	EndGlobalSection
EndGlobal
